// !$*UTF8*$!
{
	archiveVersion = 1;
	classes = {
	};
	objectVersion = 46;
	objects = {

/* Begin PBXBuildFile section */
		1B2BFFC71CC3F34A0037C1DE /* main.cpp in Sources */ = {isa = PBXBuildFile; fileRef = 1B2BFFC61CC3F34A0037C1DE /* main.cpp */; };
		1B2BFFD11CC3F4660037C1DE /* EdgesTable.cpp in Sources */ = {isa = PBXBuildFile; fileRef = 1B2BFFCF1CC3F4660037C1DE /* EdgesTable.cpp */; };
		1B2BFFD71CC3F4AD0037C1DE /* PolygonEdge.cpp in Sources */ = {isa = PBXBuildFile; fileRef = 1B2BFFD51CC3F4AD0037C1DE /* PolygonEdge.cpp */; };
		1B2BFFDB1CC3F6540037C1DE /* OpenGL.framework in Frameworks */ = {isa = PBXBuildFile; fileRef = 1B2BFFDA1CC3F6540037C1DE /* OpenGL.framework */; };
		1B2BFFDD1CC3F6690037C1DE /* libGLEW.1.13.0.dylib in Frameworks */ = {isa = PBXBuildFile; fileRef = 1B2BFFDC1CC3F6690037C1DE /* libGLEW.1.13.0.dylib */; };
		1B2BFFDF1CC3F6800037C1DE /* libglut.3.dylib in Frameworks */ = {isa = PBXBuildFile; fileRef = 1B2BFFDE1CC3F6800037C1DE /* libglut.3.dylib */; };
		1B5C3B6B1CD4538E0044A700 /* Vertex2d.cpp in Sources */ = {isa = PBXBuildFile; fileRef = 1B5C3B691CD4538E0044A700 /* Vertex2d.cpp */; };
		1B5C3B6E1CD456820044A700 /* GeometricFigure.cpp in Sources */ = {isa = PBXBuildFile; fileRef = 1B5C3B6C1CD456820044A700 /* GeometricFigure.cpp */; };
		1B7378E41CCAE45F00EF9890 /* Matrix2d.cpp in Sources */ = {isa = PBXBuildFile; fileRef = 1B7378E21CCAE45F00EF9890 /* Matrix2d.cpp */; };
		1B7378E71CCAE4A400EF9890 /* TransformationMatrix.cpp in Sources */ = {isa = PBXBuildFile; fileRef = 1B7378E51CCAE4A400EF9890 /* TransformationMatrix.cpp */; };
		1BD97F081CD3CD7D00BECC5D /* Polygon.cpp in Sources */ = {isa = PBXBuildFile; fileRef = 1BD97F061CD3CD7D00BECC5D /* Polygon.cpp */; };
		1BD97F0B1CD3D08D00BECC5D /* Line.cpp in Sources */ = {isa = PBXBuildFile; fileRef = 1BD97F091CD3D08D00BECC5D /* Line.cpp */; };
		1BD97F0E1CD3DC8C00BECC5D /* Circumference.cpp in Sources */ = {isa = PBXBuildFile; fileRef = 1BD97F0C1CD3DC8C00BECC5D /* Circumference.cpp */; };
/* End PBXBuildFile section */

/* Begin PBXCopyFilesBuildPhase section */
		1B2BFFC11CC3F34A0037C1DE /* CopyFiles */ = {
			isa = PBXCopyFilesBuildPhase;
			buildActionMask = 2147483647;
			dstPath = /usr/share/man/man1/;
			dstSubfolderSpec = 0;
			files = (
			);
			runOnlyForDeploymentPostprocessing = 1;
		};
/* End PBXCopyFilesBuildPhase section */

/* Begin PBXFileReference section */
		1B2BFFC31CC3F34A0037C1DE /* CG_algorithms */ = {isa = PBXFileReference; explicitFileType = "compiled.mach-o.executable"; includeInIndex = 0; path = CG_algorithms; sourceTree = BUILT_PRODUCTS_DIR; };
		1B2BFFC61CC3F34A0037C1DE /* main.cpp */ = {isa = PBXFileReference; lastKnownFileType = sourcecode.cpp.cpp; path = main.cpp; sourceTree = "<group>"; };
		1B2BFFCF1CC3F4660037C1DE /* EdgesTable.cpp */ = {isa = PBXFileReference; fileEncoding = 4; lastKnownFileType = sourcecode.cpp.cpp; path = EdgesTable.cpp; sourceTree = "<group>"; };
		1B2BFFD01CC3F4660037C1DE /* EdgesTable.hpp */ = {isa = PBXFileReference; fileEncoding = 4; lastKnownFileType = sourcecode.cpp.h; path = EdgesTable.hpp; sourceTree = "<group>"; };
		1B2BFFD51CC3F4AD0037C1DE /* PolygonEdge.cpp */ = {isa = PBXFileReference; fileEncoding = 4; lastKnownFileType = sourcecode.cpp.cpp; path = PolygonEdge.cpp; sourceTree = "<group>"; };
		1B2BFFD61CC3F4AD0037C1DE /* PolygonEdge.hpp */ = {isa = PBXFileReference; fileEncoding = 4; lastKnownFileType = sourcecode.cpp.h; path = PolygonEdge.hpp; sourceTree = "<group>"; };
		1B2BFFD81CC3F5DB0037C1DE /* dda.h */ = {isa = PBXFileReference; lastKnownFileType = sourcecode.c.h; path = dda.h; sourceTree = "<group>"; };
		1B2BFFD91CC3F5EA0037C1DE /* bresenham.h */ = {isa = PBXFileReference; lastKnownFileType = sourcecode.c.h; path = bresenham.h; sourceTree = "<group>"; };
		1B2BFFDA1CC3F6540037C1DE /* OpenGL.framework */ = {isa = PBXFileReference; lastKnownFileType = wrapper.framework; name = OpenGL.framework; path = System/Library/Frameworks/OpenGL.framework; sourceTree = SDKROOT; };
		1B2BFFDC1CC3F6690037C1DE /* libGLEW.1.13.0.dylib */ = {isa = PBXFileReference; lastKnownFileType = "compiled.mach-o.dylib"; name = libGLEW.1.13.0.dylib; path = ../../../../usr/local/Cellar/glew/1.13.0/lib/libGLEW.1.13.0.dylib; sourceTree = "<group>"; };
		1B2BFFDE1CC3F6800037C1DE /* libglut.3.dylib */ = {isa = PBXFileReference; lastKnownFileType = "compiled.mach-o.dylib"; name = libglut.3.dylib; path = ../../../../usr/local/Cellar/freeglut/2.8.1/lib/libglut.3.dylib; sourceTree = "<group>"; };
		1B5C3B691CD4538E0044A700 /* Vertex2d.cpp */ = {isa = PBXFileReference; fileEncoding = 4; lastKnownFileType = sourcecode.cpp.cpp; path = Vertex2d.cpp; sourceTree = "<group>"; };
		1B5C3B6A1CD4538E0044A700 /* Vertex2d.hpp */ = {isa = PBXFileReference; fileEncoding = 4; lastKnownFileType = sourcecode.cpp.h; path = Vertex2d.hpp; sourceTree = "<group>"; };
		1B5C3B6C1CD456820044A700 /* GeometricFigure.cpp */ = {isa = PBXFileReference; fileEncoding = 4; lastKnownFileType = sourcecode.cpp.cpp; path = GeometricFigure.cpp; sourceTree = "<group>"; };
		1B5C3B6D1CD456820044A700 /* GeometricFigure.hpp */ = {isa = PBXFileReference; fileEncoding = 4; lastKnownFileType = sourcecode.cpp.h; path = GeometricFigure.hpp; sourceTree = "<group>"; };
		1B7378E21CCAE45F00EF9890 /* Matrix2d.cpp */ = {isa = PBXFileReference; fileEncoding = 4; lastKnownFileType = sourcecode.cpp.cpp; path = Matrix2d.cpp; sourceTree = "<group>"; };
		1B7378E31CCAE45F00EF9890 /* Matrix2d.hpp */ = {isa = PBXFileReference; fileEncoding = 4; lastKnownFileType = sourcecode.cpp.h; path = Matrix2d.hpp; sourceTree = "<group>"; };
		1B7378E51CCAE4A400EF9890 /* TransformationMatrix.cpp */ = {isa = PBXFileReference; fileEncoding = 4; lastKnownFileType = sourcecode.cpp.cpp; path = TransformationMatrix.cpp; sourceTree = "<group>"; };
		1B7378E61CCAE4A400EF9890 /* TransformationMatrix.hpp */ = {isa = PBXFileReference; fileEncoding = 4; lastKnownFileType = sourcecode.cpp.h; path = TransformationMatrix.hpp; sourceTree = "<group>"; };
		1BD97F061CD3CD7D00BECC5D /* Polygon.cpp */ = {isa = PBXFileReference; fileEncoding = 4; lastKnownFileType = sourcecode.cpp.cpp; path = Polygon.cpp; sourceTree = "<group>"; };
		1BD97F071CD3CD7D00BECC5D /* Polygon.hpp */ = {isa = PBXFileReference; fileEncoding = 4; lastKnownFileType = sourcecode.cpp.h; path = Polygon.hpp; sourceTree = "<group>"; };
		1BD97F091CD3D08D00BECC5D /* Line.cpp */ = {isa = PBXFileReference; fileEncoding = 4; lastKnownFileType = sourcecode.cpp.cpp; path = Line.cpp; sourceTree = "<group>"; };
		1BD97F0A1CD3D08D00BECC5D /* Line.hpp */ = {isa = PBXFileReference; fileEncoding = 4; lastKnownFileType = sourcecode.cpp.h; path = Line.hpp; sourceTree = "<group>"; };
		1BD97F0C1CD3DC8C00BECC5D /* Circumference.cpp */ = {isa = PBXFileReference; fileEncoding = 4; lastKnownFileType = sourcecode.cpp.cpp; path = Circumference.cpp; sourceTree = "<group>"; };
		1BD97F0D1CD3DC8C00BECC5D /* Circumference.hpp */ = {isa = PBXFileReference; fileEncoding = 4; lastKnownFileType = sourcecode.cpp.h; path = Circumference.hpp; sourceTree = "<group>"; };
/* End PBXFileReference section */

/* Begin PBXFrameworksBuildPhase section */
		1B2BFFC01CC3F34A0037C1DE /* Frameworks */ = {
			isa = PBXFrameworksBuildPhase;
			buildActionMask = 2147483647;
			files = (
				1B2BFFDF1CC3F6800037C1DE /* libglut.3.dylib in Frameworks */,
				1B2BFFDD1CC3F6690037C1DE /* libGLEW.1.13.0.dylib in Frameworks */,
				1B2BFFDB1CC3F6540037C1DE /* OpenGL.framework in Frameworks */,
			);
			runOnlyForDeploymentPostprocessing = 0;
		};
/* End PBXFrameworksBuildPhase section */

/* Begin PBXGroup section */
		1B2BFFBA1CC3F34A0037C1DE = {
			isa = PBXGroup;
			children = (
				1B2BFFDE1CC3F6800037C1DE /* libglut.3.dylib */,
				1B2BFFDC1CC3F6690037C1DE /* libGLEW.1.13.0.dylib */,
				1B2BFFDA1CC3F6540037C1DE /* OpenGL.framework */,
				1B2BFFC51CC3F34A0037C1DE /* CG_algorithms */,
				1B2BFFC41CC3F34A0037C1DE /* Products */,
			);
			sourceTree = "<group>";
		};
		1B2BFFC41CC3F34A0037C1DE /* Products */ = {
			isa = PBXGroup;
			children = (
				1B2BFFC31CC3F34A0037C1DE /* CG_algorithms */,
			);
			name = Products;
			sourceTree = "<group>";
		};
		1B2BFFC51CC3F34A0037C1DE /* CG_algorithms */ = {
			isa = PBXGroup;
			children = (
				1B5C3B681CD4534D0044A700 /* common */,
				1B7378E11CCAE42400EF9890 /* 2D_transformations */,
				1B2BFFCE1CC3F3660037C1DE /* polygons */,
				1B2BFFCD1CC3F35F0037C1DE /* lines */,
				1B2BFFC61CC3F34A0037C1DE /* main.cpp */,
			);
			path = CG_algorithms;
			sourceTree = "<group>";
		};
		1B2BFFCD1CC3F35F0037C1DE /* lines */ = {
			isa = PBXGroup;
			children = (
				1B2BFFD81CC3F5DB0037C1DE /* dda.h */,
				1B2BFFD91CC3F5EA0037C1DE /* bresenham.h */,
				1BD97F091CD3D08D00BECC5D /* Line.cpp */,
				1BD97F0A1CD3D08D00BECC5D /* Line.hpp */,
				1BD97F0C1CD3DC8C00BECC5D /* Circumference.cpp */,
				1BD97F0D1CD3DC8C00BECC5D /* Circumference.hpp */,
			);
			path = lines;
			sourceTree = "<group>";
		};
		1B2BFFCE1CC3F3660037C1DE /* polygons */ = {
			isa = PBXGroup;
			children = (
				1B2BFFCF1CC3F4660037C1DE /* EdgesTable.cpp */,
				1B2BFFD01CC3F4660037C1DE /* EdgesTable.hpp */,
				1B2BFFD51CC3F4AD0037C1DE /* PolygonEdge.cpp */,
				1B2BFFD61CC3F4AD0037C1DE /* PolygonEdge.hpp */,
				1BD97F061CD3CD7D00BECC5D /* Polygon.cpp */,
				1BD97F071CD3CD7D00BECC5D /* Polygon.hpp */,
			);
			path = polygons;
			sourceTree = "<group>";
		};
		1B5C3B681CD4534D0044A700 /* common */ = {
			isa = PBXGroup;
			children = (
				1B5C3B691CD4538E0044A700 /* Vertex2d.cpp */,
				1B5C3B6A1CD4538E0044A700 /* Vertex2d.hpp */,
				1B5C3B6C1CD456820044A700 /* GeometricFigure.cpp */,
				1B5C3B6D1CD456820044A700 /* GeometricFigure.hpp */,
			);
			path = common;
			sourceTree = "<group>";
		};
		1B7378E11CCAE42400EF9890 /* 2D_transformations */ = {
			isa = PBXGroup;
			children = (
				1B7378E21CCAE45F00EF9890 /* Matrix2d.cpp */,
				1B7378E31CCAE45F00EF9890 /* Matrix2d.hpp */,
				1B7378E51CCAE4A400EF9890 /* TransformationMatrix.cpp */,
				1B7378E61CCAE4A400EF9890 /* TransformationMatrix.hpp */,
			);
			path = 2D_transformations;
			sourceTree = "<group>";
		};
/* End PBXGroup section */

/* Begin PBXNativeTarget section */
		1B2BFFC21CC3F34A0037C1DE /* CG_algorithms */ = {
			isa = PBXNativeTarget;
			buildConfigurationList = 1B2BFFCA1CC3F34A0037C1DE /* Build configuration list for PBXNativeTarget "CG_algorithms" */;
			buildPhases = (
				1B2BFFBF1CC3F34A0037C1DE /* Sources */,
				1B2BFFC01CC3F34A0037C1DE /* Frameworks */,
				1B2BFFC11CC3F34A0037C1DE /* CopyFiles */,
			);
			buildRules = (
			);
			dependencies = (
			);
			name = CG_algorithms;
			productName = CG_algorithms;
			productReference = 1B2BFFC31CC3F34A0037C1DE /* CG_algorithms */;
			productType = "com.apple.product-type.tool";
		};
/* End PBXNativeTarget section */

/* Begin PBXProject section */
		1B2BFFBB1CC3F34A0037C1DE /* Project object */ = {
			isa = PBXProject;
			attributes = {
				LastUpgradeCheck = 0720;
				ORGANIZATIONNAME = "Lucas Pinheiro";
				TargetAttributes = {
					1B2BFFC21CC3F34A0037C1DE = {
						CreatedOnToolsVersion = 7.2.1;
					};
				};
			};
			buildConfigurationList = 1B2BFFBE1CC3F34A0037C1DE /* Build configuration list for PBXProject "CG_algorithms" */;
			compatibilityVersion = "Xcode 3.2";
			developmentRegion = English;
			hasScannedForEncodings = 0;
			knownRegions = (
				en,
			);
			mainGroup = 1B2BFFBA1CC3F34A0037C1DE;
			productRefGroup = 1B2BFFC41CC3F34A0037C1DE /* Products */;
			projectDirPath = "";
			projectRoot = "";
			targets = (
				1B2BFFC21CC3F34A0037C1DE /* CG_algorithms */,
			);
		};
/* End PBXProject section */

/* Begin PBXSourcesBuildPhase section */
		1B2BFFBF1CC3F34A0037C1DE /* Sources */ = {
			isa = PBXSourcesBuildPhase;
			buildActionMask = 2147483647;
			files = (
				1BD97F0B1CD3D08D00BECC5D /* Line.cpp in Sources */,
				1BD97F081CD3CD7D00BECC5D /* Polygon.cpp in Sources */,
				1B7378E71CCAE4A400EF9890 /* TransformationMatrix.cpp in Sources */,
				1BD97F0E1CD3DC8C00BECC5D /* Circumference.cpp in Sources */,
				1B2BFFD71CC3F4AD0037C1DE /* PolygonEdge.cpp in Sources */,
				1B5C3B6E1CD456820044A700 /* GeometricFigure.cpp in Sources */,
				1B7378E41CCAE45F00EF9890 /* Matrix2d.cpp in Sources */,
				1B2BFFC71CC3F34A0037C1DE /* main.cpp in Sources */,
				1B2BFFD11CC3F4660037C1DE /* EdgesTable.cpp in Sources */,
				1B5C3B6B1CD4538E0044A700 /* Vertex2d.cpp in Sources */,
			);
			runOnlyForDeploymentPostprocessing = 0;
		};
/* End PBXSourcesBuildPhase section */

/* Begin XCBuildConfiguration section */
		1B2BFFC81CC3F34A0037C1DE /* Debug */ = {
			isa = XCBuildConfiguration;
			buildSettings = {
				ALWAYS_SEARCH_USER_PATHS = NO;
				CLANG_CXX_LANGUAGE_STANDARD = "gnu++0x";
				CLANG_CXX_LIBRARY = "libc++";
				CLANG_ENABLE_MODULES = YES;
				CLANG_ENABLE_OBJC_ARC = YES;
				CLANG_WARN_BOOL_CONVERSION = YES;
				CLANG_WARN_CONSTANT_CONVERSION = YES;
				CLANG_WARN_DIRECT_OBJC_ISA_USAGE = YES_ERROR;
				CLANG_WARN_EMPTY_BODY = YES;
				CLANG_WARN_ENUM_CONVERSION = YES;
				CLANG_WARN_INT_CONVERSION = YES;
				CLANG_WARN_OBJC_ROOT_CLASS = YES_ERROR;
				CLANG_WARN_UNREACHABLE_CODE = YES;
				CLANG_WARN__DUPLICATE_METHOD_MATCH = YES;
				CODE_SIGN_IDENTITY = "-";
				COPY_PHASE_STRIP = NO;
				DEBUG_INFORMATION_FORMAT = dwarf;
				ENABLE_STRICT_OBJC_MSGSEND = YES;
				ENABLE_TESTABILITY = YES;
				GCC_C_LANGUAGE_STANDARD = gnu99;
				GCC_DYNAMIC_NO_PIC = NO;
				GCC_NO_COMMON_BLOCKS = YES;
				GCC_OPTIMIZATION_LEVEL = 0;
				GCC_PREPROCESSOR_DEFINITIONS = (
					"DEBUG=1",
					"$(inherited)",
				);
				GCC_WARN_64_TO_32_BIT_CONVERSION = YES;
				GCC_WARN_ABOUT_RETURN_TYPE = YES_ERROR;
				GCC_WARN_UNDECLARED_SELECTOR = YES;
				GCC_WARN_UNINITIALIZED_AUTOS = YES_AGGRESSIVE;
				GCC_WARN_UNUSED_FUNCTION = YES;
				GCC_WARN_UNUSED_VARIABLE = YES;
				MACOSX_DEPLOYMENT_TARGET = 10.11;
				MTL_ENABLE_DEBUG_INFO = YES;
				ONLY_ACTIVE_ARCH = YES;
				SDKROOT = macosx;
			};
			name = Debug;
		};
		1B2BFFC91CC3F34A0037C1DE /* Release */ = {
			isa = XCBuildConfiguration;
			buildSettings = {
				ALWAYS_SEARCH_USER_PATHS = NO;
				CLANG_CXX_LANGUAGE_STANDARD = "gnu++0x";
				CLANG_CXX_LIBRARY = "libc++";
				CLANG_ENABLE_MODULES = YES;
				CLANG_ENABLE_OBJC_ARC = YES;
				CLANG_WARN_BOOL_CONVERSION = YES;
				CLANG_WARN_CONSTANT_CONVERSION = YES;
				CLANG_WARN_DIRECT_OBJC_ISA_USAGE = YES_ERROR;
				CLANG_WARN_EMPTY_BODY = YES;
				CLANG_WARN_ENUM_CONVERSION = YES;
				CLANG_WARN_INT_CONVERSION = YES;
				CLANG_WARN_OBJC_ROOT_CLASS = YES_ERROR;
				CLANG_WARN_UNREACHABLE_CODE = YES;
				CLANG_WARN__DUPLICATE_METHOD_MATCH = YES;
				CODE_SIGN_IDENTITY = "-";
				COPY_PHASE_STRIP = NO;
				DEBUG_INFORMATION_FORMAT = "dwarf-with-dsym";
				ENABLE_NS_ASSERTIONS = NO;
				ENABLE_STRICT_OBJC_MSGSEND = YES;
				GCC_C_LANGUAGE_STANDARD = gnu99;
				GCC_NO_COMMON_BLOCKS = YES;
				GCC_WARN_64_TO_32_BIT_CONVERSION = YES;
				GCC_WARN_ABOUT_RETURN_TYPE = YES_ERROR;
				GCC_WARN_UNDECLARED_SELECTOR = YES;
				GCC_WARN_UNINITIALIZED_AUTOS = YES_AGGRESSIVE;
				GCC_WARN_UNUSED_FUNCTION = YES;
				GCC_WARN_UNUSED_VARIABLE = YES;
				MACOSX_DEPLOYMENT_TARGET = 10.11;
				MTL_ENABLE_DEBUG_INFO = NO;
				SDKROOT = macosx;
			};
			name = Release;
		};
		1B2BFFCB1CC3F34A0037C1DE /* Debug */ = {
			isa = XCBuildConfiguration;
			buildSettings = {
				HEADER_SEARCH_PATHS = (
					/usr/local/include,
					/opt/x11/include,
				);
				LIBRARY_SEARCH_PATHS = (
					/usr/local/lib,
					/opt/x11/include,
				);
				PRODUCT_NAME = "$(TARGET_NAME)";
			};
			name = Debug;
		};
		1B2BFFCC1CC3F34A0037C1DE /* Release */ = {
			isa = XCBuildConfiguration;
			buildSettings = {
				HEADER_SEARCH_PATHS = (
					/usr/local/include,
					/opt/x11/include,
				);
				LIBRARY_SEARCH_PATHS = (
					/usr/local/lib,
					/opt/x11/include,
				);
				PRODUCT_NAME = "$(TARGET_NAME)";
			};
			name = Release;
		};
/* End XCBuildConfiguration section */

/* Begin XCConfigurationList section */
		1B2BFFBE1CC3F34A0037C1DE /* Build configuration list for PBXProject "CG_algorithms" */ = {
			isa = XCConfigurationList;
			buildConfigurations = (
				1B2BFFC81CC3F34A0037C1DE /* Debug */,
				1B2BFFC91CC3F34A0037C1DE /* Release */,
			);
			defaultConfigurationIsVisible = 0;
			defaultConfigurationName = Release;
		};
		1B2BFFCA1CC3F34A0037C1DE /* Build configuration list for PBXNativeTarget "CG_algorithms" */ = {
			isa = XCConfigurationList;
			buildConfigurations = (
				1B2BFFCB1CC3F34A0037C1DE /* Debug */,
				1B2BFFCC1CC3F34A0037C1DE /* Release */,
			);
			defaultConfigurationIsVisible = 0;
			defaultConfigurationName = Release;
		};
/* End XCConfigurationList section */
	};
	rootObject = 1B2BFFBB1CC3F34A0037C1DE /* Project object */;
}
